GEM
  remote: https://rubygems.org/
  specs:
    CFPropertyList (3.0.6)
    addressable (2.8.1)
    artifactory (3.0.15)
    aws-eventstream (1.3.0)
    aws-partitions (1.952.0)
    aws-sdk-core (3.210.0)
    aws-sdk-kms (1.95.0)
    aws-sdk-s3 (1.172.0)
    aws-sigv4 (1.10.0)
    babosa (1.0.4)
    base64 (0.2.0)
    builder (3.3.0)
    bundler (2.5.11)
    climate_control (1.2.0)
    colored (1.2)
    colored2 (3.1.2)
    commander (4.6.0)
    declarative (0.0.20)
    digest-crc (0.6.5)
    domain_name (0.6.20240107)
    dotenv (2.8.1)
    emoji_regex (3.2.3)
    excon (0.111.0)
    faraday (2.10.1)
    faraday-net_http (3.3.0)
    faraday-retry (2.2.1)
    fastimage (2.3.1)
    fastlane (2.225.0)
    gh_inspector (1.1.3)
    google-apis-androidpublisher_v3 (0.54.0)
    google-apis-iap_v1 (0.13.0)
    google-apis-playcustomapp_v1 (0.13.0)
    google-cloud-env (1.6.0)
    google-cloud-errors (1.3.1)
    google-cloud-storage (1.47.0)
    googleauth (1.8.1)
    highline (2.0.3)
    http-cookie (1.0.5)
    json (2.7.2)
    jwt (2.8.2)
    memoist (0.16.2)
    mini_mime (1.1.5)
    multi_json (1.15.0)
    multi_xml (0.6.0)
    nanaimo (0.3.0)
    naturally (2.2.1)
    optparse (0.1.1)
    os (1.1.4)
    plist (3.7.1)
    rake (13.2.1)
    rbnacl (7.1.2)
    rexml (3.3.2)
    rouge (2.0.7)
    ruby2_keywords (0.0.5)
    rubyzip (2.1.1)
    security (0.1.5)
    simctl (1.6.10)
    terminal-notifier (2.0.0)
    terminal-table (3.0.2)
    tty-screen (0.8.1)
    tty-spinner (0.9.3)
    word_wrap (1.0.0)
    xcodegen (2.41.0)
    xcodeproj (1.25.0)
    xcpretty (0.3.0)
    xcpretty-trailer (0.1.1)

PLATFORMS
  ruby

DEPENDENCIES
  fastlane (~> 2.225)
  xcodegen

BUNDLED WITH
   2.5.11
